
Microsoft Visual Studio Solution File, Format Version 12.00
# Visual Studio Version 16
VisualStudioVersion = 16.0.32630.194
MinimumVisualStudioVersion = 10.0.40219.1
Project("{FAE04EC0-301F-11D3-BF4B-00C04F79EFBC}") = "Ciclos", "Ciclos.csproj", "{BEC39C8B-AA91-4BEA-A145-F7906B52523D}"
EndProject
Global
	GlobalSection(SolutionConfigurationPlatforms) = preSolution
		Debug|Any CPU = Debug|Any CPU
		Release|Any CPU = Release|Any CPU
	EndGlobalSection
	GlobalSection(ProjectConfigurationPlatforms) = postSolution
		{BEC39C8B-AA91-4BEA-A145-F7906B52523D}.Debug|Any CPU.ActiveCfg = Debug|Any CPU
		{BEC39C8B-AA91-4BEA-A145-F7906B52523D}.Debug|Any CPU.Build.0 = Debug|Any CPU
		{BEC39C8B-AA91-4BEA-A145-F7906B52523D}.Release|Any CPU.ActiveCfg = Release|Any CPU
		{BEC39C8B-AA91-4BEA-A145-F7906B52523D}.Release|Any CPU.Build.0 = Release|Any CPU
	EndGlobalSection
	GlobalSection(SolutionProperties) = preSolution
		HideSolutionNode = FALSE
	EndGlobalSection
	GlobalSection(ExtensibilityGlobals) = postSolution
		SolutionGuid = {D305E5FB-98CD-4775-9333-8D21F150750B}
	EndGlobalSection
EndGlobal
